
Microsoft Visual Studio Solution File, Format Version 12.00
# Visual Studio 15
VisualStudioVersion = 15.0.28010.2019
MinimumVisualStudioVersion = 10.0.40219.1
Project("{FAE04EC0-301F-11D3-BF4B-00C04F79EFBC}") = "Wpf.Triggers.DataTrigger", "Wpf.Triggers.DataTrigger\Wpf.Triggers.DataTrigger.csproj", "{191BCD9E-0E03-4D80-B8B7-85D22AF95549}"
EndProject
Global
	GlobalSection(SolutionConfigurationPlatforms) = preSolution
		Debug|Any CPU = Debug|Any CPU
		Release|Any CPU = Release|Any CPU
	EndGlobalSection
	GlobalSection(ProjectConfigurationPlatforms) = postSolution
		{191BCD9E-0E03-4D80-B8B7-85D22AF95549}.Debug|Any CPU.ActiveCfg = Debug|Any CPU
		{191BCD9E-0E03-4D80-B8B7-85D22AF95549}.Debug|Any CPU.Build.0 = Debug|Any CPU
		{191BCD9E-0E03-4D80-B8B7-85D22AF95549}.Release|Any CPU.ActiveCfg = Release|Any CPU
		{191BCD9E-0E03-4D80-B8B7-85D22AF95549}.Release|Any CPU.Build.0 = Release|Any CPU
	EndGlobalSection
	GlobalSection(SolutionProperties) = preSolution
		HideSolutionNode = FALSE
	EndGlobalSection
	GlobalSection(ExtensibilityGlobals) = postSolution
		SolutionGuid = {30B8618D-5A6F-4AD1-B6A1-86C492C03926}
	EndGlobalSection
EndGlobal
