
Microsoft Visual Studio Solution File, Format Version 12.00
# Visual Studio 15
VisualStudioVersion = 15.0.28010.2003
MinimumVisualStudioVersion = 10.0.40219.1
Project("{FAE04EC0-301F-11D3-BF4B-00C04F79EFBC}") = "Wpf.DataTemplates.WithDataTemplates", "Wpf.DataTemplates.WithDataTemplates\Wpf.DataTemplates.WithDataTemplates.csproj", "{F3EB37B6-ACC6-4940-ACF5-DE1DB485B614}"
EndProject
Global
	GlobalSection(SolutionConfigurationPlatforms) = preSolution
		Debug|Any CPU = Debug|Any CPU
		Release|Any CPU = Release|Any CPU
	EndGlobalSection
	GlobalSection(ProjectConfigurationPlatforms) = postSolution
		{F3EB37B6-ACC6-4940-ACF5-DE1DB485B614}.Debug|Any CPU.ActiveCfg = Debug|Any CPU
		{F3EB37B6-ACC6-4940-ACF5-DE1DB485B614}.Debug|Any CPU.Build.0 = Debug|Any CPU
		{F3EB37B6-ACC6-4940-ACF5-DE1DB485B614}.Release|Any CPU.ActiveCfg = Release|Any CPU
		{F3EB37B6-ACC6-4940-ACF5-DE1DB485B614}.Release|Any CPU.Build.0 = Release|Any CPU
	EndGlobalSection
	GlobalSection(SolutionProperties) = preSolution
		HideSolutionNode = FALSE
	EndGlobalSection
	GlobalSection(ExtensibilityGlobals) = postSolution
		SolutionGuid = {396620BC-8E1B-479B-A84E-B80339807A2D}
	EndGlobalSection
EndGlobal
