
Microsoft Visual Studio Solution File, Format Version 12.00
# Visual Studio 15
VisualStudioVersion = 15.0.27703.2047
MinimumVisualStudioVersion = 10.0.40219.1
Project("{FAE04EC0-301F-11D3-BF4B-00C04F79EFBC}") = "Wpf.MarkupExtensions.Binding.NonNotifiableSource", "Wpf.MarkupExtensions.Binding.NonNotifiableSource\Wpf.MarkupExtensions.Binding.NonNotifiableSource.csproj", "{99D6EAB7-F907-4922-8530-50D3C6EF901A}"
EndProject
Global
	GlobalSection(SolutionConfigurationPlatforms) = preSolution
		Debug|Any CPU = Debug|Any CPU
		Release|Any CPU = Release|Any CPU
	EndGlobalSection
	GlobalSection(ProjectConfigurationPlatforms) = postSolution
		{99D6EAB7-F907-4922-8530-50D3C6EF901A}.Debug|Any CPU.ActiveCfg = Debug|Any CPU
		{99D6EAB7-F907-4922-8530-50D3C6EF901A}.Debug|Any CPU.Build.0 = Debug|Any CPU
		{99D6EAB7-F907-4922-8530-50D3C6EF901A}.Release|Any CPU.ActiveCfg = Release|Any CPU
		{99D6EAB7-F907-4922-8530-50D3C6EF901A}.Release|Any CPU.Build.0 = Release|Any CPU
	EndGlobalSection
	GlobalSection(SolutionProperties) = preSolution
		HideSolutionNode = FALSE
	EndGlobalSection
	GlobalSection(ExtensibilityGlobals) = postSolution
		SolutionGuid = {32E46A7F-F4FD-4AD2-BF00-D5EF72585989}
	EndGlobalSection
EndGlobal
