
Microsoft Visual Studio Solution File, Format Version 12.00
# Visual Studio 15
VisualStudioVersion = 15.0.28010.2019
MinimumVisualStudioVersion = 10.0.40219.1
Project("{FAE04EC0-301F-11D3-BF4B-00C04F79EFBC}") = "Wpf.ControlTemplates.WithTemplateBinding", "Wpf.ControlTemplates.WithTemplateBinding\Wpf.ControlTemplates.WithTemplateBinding.csproj", "{2DAFF78C-65AA-4D5A-A15A-A11A286B0695}"
EndProject
Global
	GlobalSection(SolutionConfigurationPlatforms) = preSolution
		Debug|Any CPU = Debug|Any CPU
		Release|Any CPU = Release|Any CPU
	EndGlobalSection
	GlobalSection(ProjectConfigurationPlatforms) = postSolution
		{2DAFF78C-65AA-4D5A-A15A-A11A286B0695}.Debug|Any CPU.ActiveCfg = Debug|Any CPU
		{2DAFF78C-65AA-4D5A-A15A-A11A286B0695}.Debug|Any CPU.Build.0 = Debug|Any CPU
		{2DAFF78C-65AA-4D5A-A15A-A11A286B0695}.Release|Any CPU.ActiveCfg = Release|Any CPU
		{2DAFF78C-65AA-4D5A-A15A-A11A286B0695}.Release|Any CPU.Build.0 = Release|Any CPU
	EndGlobalSection
	GlobalSection(SolutionProperties) = preSolution
		HideSolutionNode = FALSE
	EndGlobalSection
	GlobalSection(ExtensibilityGlobals) = postSolution
		SolutionGuid = {DC96E21F-E720-40EE-9598-6346FE715307}
	EndGlobalSection
EndGlobal
