
Microsoft Visual Studio Solution File, Format Version 12.00
# Visual Studio 15
VisualStudioVersion = 15.0.28010.2019
MinimumVisualStudioVersion = 10.0.40219.1
Project("{FAE04EC0-301F-11D3-BF4B-00C04F79EFBC}") = "Wpf.Triggers.MultiPropertyTrigger", "Wpf.Triggers.MultiPropertyTrigger\Wpf.Triggers.MultiPropertyTrigger.csproj", "{645FE198-EE7A-44D5-9462-0FDE99B5C847}"
EndProject
Global
	GlobalSection(SolutionConfigurationPlatforms) = preSolution
		Debug|Any CPU = Debug|Any CPU
		Release|Any CPU = Release|Any CPU
	EndGlobalSection
	GlobalSection(ProjectConfigurationPlatforms) = postSolution
		{645FE198-EE7A-44D5-9462-0FDE99B5C847}.Debug|Any CPU.ActiveCfg = Debug|Any CPU
		{645FE198-EE7A-44D5-9462-0FDE99B5C847}.Debug|Any CPU.Build.0 = Debug|Any CPU
		{645FE198-EE7A-44D5-9462-0FDE99B5C847}.Release|Any CPU.ActiveCfg = Release|Any CPU
		{645FE198-EE7A-44D5-9462-0FDE99B5C847}.Release|Any CPU.Build.0 = Release|Any CPU
	EndGlobalSection
	GlobalSection(SolutionProperties) = preSolution
		HideSolutionNode = FALSE
	EndGlobalSection
	GlobalSection(ExtensibilityGlobals) = postSolution
		SolutionGuid = {D29D5B89-6F3A-4D43-88F0-A1851A8582EE}
	EndGlobalSection
EndGlobal
